# This file is @generated by PDM.
# It is not intended for manual editing.

[metadata]
groups = ["default"]
strategy = ["inherit_metadata"]
lock_version = "4.5.1"
content_hash = "sha256:4ff274d80dcf07785456879dff57580628d60549134dfde6c0ebcd73ae7d25f5"

[[metadata.targets]]
requires_python = "==3.10.*"

[[package]]
name = "certifi"
version = "2026.7.22"
requires_python = ">=3.7"
summary = "Python package for providing Mozilla's CA Bundle."
groups = ["default"]
files = [
    {file = "certifi-2026.7.22-py3-none-any.whl", hash = "sha256:62f22742b58a1a33014a2b6b706588a8d7e2a88ae7bd1a6ebe8c992928483775"},
    {file = "certifi-2026.7.22.tar.gz", hash = "sha256:741e2c3b351ddf169a738da9f2c048608ff7f2c5cc02f1ebc6b118bb090d5d55"},
]

[[package]]
name = "charset-normalizer"
version = "3.5.2"
requires_python = ">=3.7"
summary = "The Real First Universal Charset Detector. Open, modern and actively maintained alternative to Chardet."
groups = ["default"]
files = [
    {file = "charset_normalizer-3.5.2-cp310-cp310-macosx_10_9_universal2.whl", hash = "sha256:195c26fb65950f8fce54e26349852b7bdd7c5f120aeefbcc440b8a20faaed4a3"},
    {file = "charset_normalizer-3.5.2-cp310-cp310-manylinux2014_aarch64.manylinux_2_17_aarch64.manylinux_2_28_aarch64.whl", hash = "sha256:9373ad13ef0d2c0fb761e04e55bfdee5a08b52cef2c882c8fbe9935b1517152e"},
    {file = "charset_normalizer-3.5.2-cp310-cp310-manylinux2014_armv7l.manylinux_2_17_armv7l.manylinux_2_31_armv7l.whl", hash = "sha256:ddf19c062bea7a0cc80f519243d2c01dd091be0cf952a0750d4ad576709559f5"},
    {file = "charset_normalizer-3.5.2-cp310-cp310-manylinux2014_ppc64le.manylinux_2_17_ppc64le.manylinux_2_28_ppc64le.whl", hash = "sha256:3d14b50de6bf4d0edf857a9386836846f982b8f524e188e2e68b96d702bcf4aa"},
    {file = "charset_normalizer-3.5.2-cp310-cp310-manylinux2014_s390x.manylinux_2_17_s390x.manylinux_2_28_s390x.whl", hash = "sha256:28a15fdad492a99b6eccfaaed66ef3f74050680545ea61ec8b2f4c538f1f1320"},
    {file = "charset_normalizer-3.5.2-cp310-cp310-manylinux2014_x86_64.manylinux_2_17_x86_64.manylinux_2_28_x86_64.whl", hash = "sha256:8a893cc101149f80a653f82062ebc95b34525a2614382e1da5458fe7c6997249"},
    {file = "charset_normalizer-3.5.2-cp310-cp310-manylinux_2_31_riscv64.manylinux_2_39_riscv64.whl", hash = "sha256:619799369eeef6366ed3e8755a5670f4f2f0fb6b30a0fd7264dc0fdc2357058e"},
    {file = "charset_normalizer-3.5.2-cp310-cp310-musllinux_1_2_aarch64.whl", hash = "sha256:447441e76ec720b15e64418d32e092297340387053047c7c694f579efb0ee1d9"},
    {file = "charset_normalizer-3.5.2-cp310-cp310-musllinux_1_2_armv7l.whl", hash = "sha256:62588a277bfb59def052abd940703fa35107152bf479781a878617d60faf8fb5"},
    {file = "charset_normalizer-3.5.2-cp310-cp310-musllinux_1_2_ppc64le.whl", hash = "sha256:44bd4fbb29dfbeba60e7d2bd000c59e4b21ddb3cc53912b14048d37092706d7c"},
    {file = "charset_normalizer-3.5.2-cp310-cp310-musllinux_1_2_riscv64.whl", hash = "sha256:30fcd120b732aa79317f08dee04d7de0847822e4cf7ee0e9f445bb958832252c"},
    {file = "charset_normalizer-3.5.2-cp310-cp310-musllinux_1_2_s390x.whl", hash = "sha256:50e3adfb96fc189eb27b1cf62d3b598b89b4bb0420d93a3d3e42e137409011be"},
    {file = "charset_normalizer-3.5.2-cp310-cp310-musllinux_1_2_x86_64.whl", hash = "sha256:b736353c0a625bbd5fcec108576e2385db3496f4f771f785ff32e108d3c3bc45"},
    {file = "charset_normalizer-3.5.2-cp310-cp310-win32.whl", hash = "sha256:f5833ad231be5eb6553de524a70f48d71b2c8563101750531e0b80184e175cd4"},
    {file = "charset_normalizer-3.5.2-cp310-cp310-win_amd64.whl", hash = "sha256:1461ac396c4fdb983a675f20aa555624f0ee18ac83d832b9244ffff3d8055275"},
    {file = "charset_normalizer-3.5.2-cp310-cp310-win_arm64.whl", hash = "sha256:c6708715abcf3c73b99508253e961a9967f02fe536532834149574eda6de0d1c"},
    {file = "charset_normalizer-3.5.2-cp37-abi3-macosx_10_9_universal2.whl", hash = "sha256:4275811936e2f06feff5e598fb42a1b7ae852da8e39605211892b56b81a34efd"},
    {file = "charset_normalizer-3.5.2-cp37-abi3-manylinux1_x86_64.manylinux_2_28_x86_64.manylinux_2_5_x86_64.whl", hash = "sha256:1c50fe28bbc2ced33386f298650d91218076c05420e6cbd790b913adc41659e7"},
    {file = "charset_normalizer-3.5.2-cp37-abi3-manylinux2014_aarch64.manylinux_2_17_aarch64.manylinux_2_28_aarch64.whl", hash = "sha256:d19fbd981a488e22cd04883659ca6b08f50b5974f9fd7c95655ef6a043e5893f"},
    {file = "charset_normalizer-3.5.2-cp37-abi3-manylinux2014_armv7l.manylinux_2_17_armv7l.manylinux_2_31_armv7l.whl", hash = "sha256:0fed1d06615f022ee3b13caf5e8b180cfea32bb2c5aded8a9d44277afc040f93"},
    {file = "charset_normalizer-3.5.2-cp37-abi3-manylinux2014_ppc64le.manylinux_2_17_ppc64le.manylinux_2_28_ppc64le.whl", hash = "sha256:838dcc90063569a0448120554591a1d6c4a4ffe11babf048908793154ab86ade"},
    {file = "charset_normalizer-3.5.2-cp37-abi3-manylinux2014_s390x.manylinux_2_17_s390x.manylinux_2_28_s390x.whl", hash = "sha256:2ce45c6627b22c47e390bc91a41c3d13032192e699fa0bea96e9671b373d69b0"},
    {file = "charset_normalizer-3.5.2-cp37-abi3-manylinux_2_31_riscv64.manylinux_2_39_riscv64.whl", hash = "sha256:0774bf9bf620249fee3e0b8b9fd3065de213be30f3aa94ce2494b3b638949e26"},
    {file = "charset_normalizer-3.5.2-cp37-abi3-musllinux_1_2_aarch64.whl", hash = "sha256:1db38f4c5496827c1a501846d64d14c3b80c7e6714e406cd7dc36a9899fa1011"},
    {file = "charset_normalizer-3.5.2-cp37-abi3-musllinux_1_2_armv7l.whl", hash = "sha256:304d8e4d493af723536393eee0c689eb7813f4a474c8b479dee63f1fdd98f621"},
    {file = "charset_normalizer-3.5.2-cp37-abi3-musllinux_1_2_ppc64le.whl", hash = "sha256:9b7f416ff0978e2f2249330527f0ad6fa02f4932e6199692d3b52da2048c19e4"},
    {file = "charset_normalizer-3.5.2-cp37-abi3-musllinux_1_2_riscv64.whl", hash = "sha256:01077390b03f7988f11d700a2194e69b119741a86b1a638b1db88891e3eced8e"},
    {file = "charset_normalizer-3.5.2-cp37-abi3-musllinux_1_2_s390x.whl", hash = "sha256:7e841fb9010836c992c9f12fcbd43a831de93a5f726fc1ccd8ca1d0268c5014c"},
    {file = "charset_normalizer-3.5.2-cp37-abi3-musllinux_1_2_x86_64.whl", hash = "sha256:9cae88599c7219005d879f98e5ed53341e9a122af585e1091200358a3003d2a0"},
    {file = "charset_normalizer-3.5.2-cp37-abi3-win32.whl", hash = "sha256:01b0c0d2262a9e28e8484a278c7e1b5d650e3ac8cf2683d2967e25899f208bdf"},
    {file = "charset_normalizer-3.5.2-cp37-abi3-win_amd64.whl", hash = "sha256:9f56f72050826f63dcee7a7f55b0a77168cb3bfc553fd405e7f8f9ece75a4036"},
    {file = "charset_normalizer-3.5.2-cp37-abi3-win_arm64.whl", hash = "sha256:40ab6bffa02ae10a0581e6c198be7d2d8ca5c2a0c64e4ed3465d766df457573e"},
    {file = "charset_normalizer-3.5.2-py3-none-any.whl", hash = "sha256:b6b751274acb69d77b3323d6b7dbaa3c7fdfc1eb829b7eb61d262f32e1af9685"},
    {file = "charset_normalizer-3.5.2.tar.gz", hash = "sha256:39de2a259fc954455c57274dc94c79d5842774e1247a016aff30bc0efed0f4ef"},
]

[[package]]
name = "deprecated"
version = "1.3.1"
requires_python = "!=3.0.*,!=3.1.*,!=3.2.*,!=3.3.*,>=2.7"
summary = "Python @deprecated decorator to deprecate old python classes, functions or methods."
groups = ["default"]
dependencies = [
    "inspect2; python_version < \"3\"",
    "wrapt<3,>=1.10",
]
files = [
    {file = "deprecated-1.3.1-py2.py3-none-any.whl", hash = "sha256:597bfef186b6f60181535a29fbe44865ce137a5079f295b479886c82729d5f3f"},
    {file = "deprecated-1.3.1.tar.gz", hash = "sha256:b1b50e0ff0c1fddaa5708a2c6b0a6588bb09b892825ab2b214ac9ea9d92a5223"},
]

[[package]]
name = "diskcache"
version = "5.6.3"
requires_python = ">=3"
summary = "Disk Cache -- Disk and file backed persistent cache."
groups = ["default"]
files = [
    {file = "diskcache-5.6.3-py3-none-any.whl", hash = "sha256:5e31b2d5fbad117cc363ebaf6b689474db18a1f6438bc82358b024abd4c2ca19"},
    {file = "diskcache-5.6.3.tar.gz", hash = "sha256:2c3a3fa2743d8535d832ec61c2054a1641f41775aa7c556758a109941e33e4fc"},
]

[[package]]
name = "diskcache-stubs"
version = "5.6.3.6.20240818"
requires_python = ">=3"
summary = "diskcache stubs"
groups = ["default"]
dependencies = [
    "typing-extensions>=4.4.0",
]
files = [
    {file = "diskcache_stubs-5.6.3.6.20240818-py3-none-any.whl", hash = "sha256:e1db90940b344140730976abe79f57f5b43ca296cbb43fa95da0c69b12d5de4f"},
    {file = "diskcache_stubs-5.6.3.6.20240818.tar.gz", hash = "sha256:b6eb43899e906b3167a20ac09a9a226f30267a306a96542ea720ebbfc3282796"},
]

[[package]]
name = "idna"
version = "3.20"
requires_python = ">=3.9"
summary = "Internationalized Domain Names in Applications (IDNA)"
groups = ["default"]
files = [
    {file = "idna-3.20-py3-none-any.whl", hash = "sha256:ab7ae7122974553370f0bdb919e1a960b2cd1bc1ef0276416d896db81c14582c"},
    {file = "idna-3.20.tar.gz", hash = "sha256:a7db850025b95ded1eae8a46181a1a6c56c92c96f0e2b005d9ff8dc0210cab44"},
]

[[package]]
name = "jinja2"
version = "3.1.6"
requires_python = ">=3.7"
summary = "A very fast and expressive template engine."
groups = ["default"]
dependencies = [
    "MarkupSafe>=2.0",
]
files = [
    {file = "jinja2-3.1.6-py3-none-any.whl", hash = "sha256:85ece4451f492d0c13c5dd7c13a64681a86afae63a5f347908daf103ce6d2f67"},
    {file = "jinja2-3.1.6.tar.gz", hash = "sha256:0137fb05990d35f1275a587e9aee6d56da821fc83491a0fb838183be43f66d6d"},
]

[[package]]
name = "jq"
version = "1.12.0"
requires_python = ">=3.8"
summary = "jq is a lightweight and flexible JSON processor."
groups = ["default"]
files = [
    {file = "jq-1.12.0-cp310-cp310-macosx_10_9_x86_64.whl", hash = "sha256:670e87f00271d89dd0229f26eb323ab5e5a49d8b743321da15de55e0d976d07e"},
    {file = "jq-1.12.0-cp310-cp310-macosx_11_0_arm64.whl", hash = "sha256:961b5aec833eae2914aa9e25462d55695fb2572789ec387ce67ac97ac1291d39"},
    {file = "jq-1.12.0-cp310-cp310-manylinux_2_26_aarch64.manylinux_2_28_aarch64.whl", hash = "sha256:0d5104dc01c6bcdb253fb4c98ad2083ff44d75bce80b381dce4343cd12f69481"},
    {file = "jq-1.12.0-cp310-cp310-manylinux_2_26_x86_64.manylinux_2_28_x86_64.whl", hash = "sha256:67d72c28ed5d2efde569550ad323742155104c0d99af359ca421d4b1c19f3565"},
    {file = "jq-1.12.0-cp310-cp310-musllinux_1_2_aarch64.whl", hash = "sha256:f553f6f89530e6e0af1e87e24adbf9764787077fe7b7bee672eb152c93bfe71a"},
    {file = "jq-1.12.0-cp310-cp310-musllinux_1_2_x86_64.whl", hash = "sha256:86ffa2c09d0cbf0b48c91e300633e07761cb0277dc18f892797b083fad025f31"},
    {file = "jq-1.12.0-cp310-cp310-win_amd64.whl", hash = "sha256:1b37866631de9ab0ccc40a208dc1337df2bad90591b7304fd09d9d4a544fd096"},
    {file = "jq-1.12.0.tar.gz", hash = "sha256:729b2d3418c8ca7dccfaa66b9fb7a98bec28474212650d27c5c04358ce26f55c"},
]

[[package]]
name = "markupsafe"
version = "3.0.3"
requires_python = ">=3.9"
summary = "Safely add untrusted strings to HTML/XML markup."
groups = ["default"]
files = [
    {file = "markupsafe-3.0.3-cp310-cp310-macosx_10_9_x86_64.whl", hash = "sha256:2f981d352f04553a7171b8e44369f2af4055f888dfb147d55e42d29e29e74559"},
    {file = "markupsafe-3.0.3-cp310-cp310-macosx_11_0_arm64.whl", hash = "sha256:e1c1493fb6e50ab01d20a22826e57520f1284df32f2d8601fdd90b6304601419"},
    {file = "markupsafe-3.0.3-cp310-cp310-manylinux2014_aarch64.manylinux_2_17_aarch64.manylinux_2_28_aarch64.whl", hash = "sha256:1ba88449deb3de88bd40044603fafffb7bc2b055d626a330323a9ed736661695"},
    {file = "markupsafe-3.0.3-cp310-cp310-manylinux2014_x86_64.manylinux_2_17_x86_64.manylinux_2_28_x86_64.whl", hash = "sha256:f42d0984e947b8adf7dd6dde396e720934d12c506ce84eea8476409563607591"},
    {file = "markupsafe-3.0.3-cp310-cp310-manylinux_2_31_riscv64.manylinux_2_39_riscv64.whl", hash = "sha256:c0c0b3ade1c0b13b936d7970b1d37a57acde9199dc2aecc4c336773e1d86049c"},
    {file = "markupsafe-3.0.3-cp310-cp310-musllinux_1_2_aarch64.whl", hash = "sha256:0303439a41979d9e74d18ff5e2dd8c43ed6c6001fd40e5bf2e43f7bd9bbc523f"},
    {file = "markupsafe-3.0.3-cp310-cp310-musllinux_1_2_riscv64.whl", hash = "sha256:d2ee202e79d8ed691ceebae8e0486bd9a2cd4794cec4824e1c99b6f5009502f6"},
    {file = "markupsafe-3.0.3-cp310-cp310-musllinux_1_2_x86_64.whl", hash = "sha256:177b5253b2834fe3678cb4a5f0059808258584c559193998be2601324fdeafb1"},
    {file = "markupsafe-3.0.3-cp310-cp310-win32.whl", hash = "sha256:2a15a08b17dd94c53a1da0438822d70ebcd13f8c3a95abe3a9ef9f11a94830aa"},
    {file = "markupsafe-3.0.3-cp310-cp310-win_amd64.whl", hash = "sha256:c4ffb7ebf07cfe8931028e3e4c85f0357459a3f9f9490886198848f4fa002ec8"},
    {file = "markupsafe-3.0.3-cp310-cp310-win_arm64.whl", hash = "sha256:e2103a929dfa2fcaf9bb4e7c091983a49c9ac3b19c9061b6d5427dd7d14d81a1"},
    {file = "markupsafe-3.0.3.tar.gz", hash = "sha256:722695808f4b6457b320fdc131280796bdceb04ab50fe1795cd540799ebe1698"},
]

[[package]]
name = "packaging"
version = "26.3"
requires_python = ">=3.9"
summary = "Core utilities for Python packages"
groups = ["default"]
files = [
    {file = "packaging-26.3-py3-none-any.whl", hash = "sha256:d7193f7c8e4e93f444fde0262bf90af30e16fa0ad0ad44cb553c87339b23cd1c"},
    {file = "packaging-26.3.tar.gz", hash = "sha256:94edc256424af38762eb31306eed28beb9f0efc50a8837492c9d6fd6004aed79"},
]

[[package]]
name = "progressbar2"
version = "4.6.0"
requires_python = ">=3.10"
summary = "A Python Progressbar library to provide visual (yet text based) progress to long running operations."
groups = ["default"]
dependencies = [
    "python-utils>=3.8.1",
]
files = [
    {file = "progressbar2-4.6.0-py3-none-any.whl", hash = "sha256:2d78bdeb1debef92a39dd9042e0689542bd72d6e2f30b13432db371aa9d8ee4e"},
    {file = "progressbar2-4.6.0.tar.gz", hash = "sha256:fe48c8955a84428af77bff2642ba47041e1b8f7c867a5b7cc94f8bc255a8f0cf"},
]

[[package]]
name = "pymisp"
version = "2.5.34.4"
requires_python = "<4.0,>=3.10"
summary = "Python API for MISP."
groups = ["default"]
dependencies = [
    "deprecated>=1.3.1",
    "python-dateutil>=2.9.0.post0",
    "requests>=2.34.2",
]
files = [
    {file = "pymisp-2.5.34.4-py3-none-any.whl", hash = "sha256:4bb3e22a9db99093da96de9bcd286769aabba721a3e720ce7c34ddad471bc0ed"},
    {file = "pymisp-2.5.34.4.tar.gz", hash = "sha256:0e5563d4fb1d5850f808c4e53d0ea8cd4e2c7877453034d966e7b2b70c32cdd9"},
]

[[package]]
name = "pyparsing"
version = "3.3.3"
requires_python = ">=3.9"
summary = "pyparsing - Classes and methods to define and execute parsing grammars"
groups = ["default"]
files = [
    {file = "pyparsing-3.3.3-py3-none-any.whl", hash = "sha256:ece8c00a69cf01b45d0b1dedabb469c90d8caf996d4fda40f147627a122849a4"},
    {file = "pyparsing-3.3.3.tar.gz", hash = "sha256:928ae7e20211f3b6f3915a72f06a0cfd29ab9d24279dd6346b6b1a7146397d36"},
]

[[package]]
name = "pysigma"
version = "1.5.1"
requires_python = "<4.0,>=3.10"
summary = "Sigma rule processing and conversion tools"
groups = ["default"]
dependencies = [
    "diskcache-stubs>=5.6.3",
    "diskcache<6.0.0,>=5.6.3",
    "jinja2<4.0.0,>=3.1.6",
    "jq<2.0,>=1.12",
    "packaging<27.0,>=26.3",
    "pyparsing<4.0.0,>=3.2.5",
    "pyyaml<7.0.0,>=6.0.3",
    "requests<3.0.0,>=2.32.5",
    "types-pyyaml<7.0.0.0,>=6.0.12.20260815",
    "typing-extensions<5.0.0,>=4.16.0",
]
files = [
    {file = "pysigma-1.5.1-py3-none-any.whl", hash = "sha256:1e6e080bde31db6039eb5d87d43322bf416534f30048091c65038e88225b8200"},
    {file = "pysigma-1.5.1.tar.gz", hash = "sha256:5f27ea435bc53480b43f9e385104c6df3d473715321d662a52a1fc283ab0b8db"},
]

[[package]]
name = "pysigma-pipeline-sysmon"
version = "2.0.0"
requires_python = "<4.0,>=3.10"
summary = "pySigma Sysmon processing pipelines"
groups = ["default"]
dependencies = [
    "pysigma<2.0.0,>=1.0.0",
]
files = [
    {file = "pysigma_pipeline_sysmon-2.0.0-py3-none-any.whl", hash = "sha256:84575bbde5dd891882306ca1f6ce16bdc592da2e511ac8960012af2efb9d120b"},
    {file = "pysigma_pipeline_sysmon-2.0.0.tar.gz", hash = "sha256:a05c4f0d59602c4002bc0a1b9189508454f85ec397f5fd20294d3b56006bee54"},
]

[[package]]
name = "pysigma-pipeline-windows"
version = "2.0.1"
requires_python = "<4.0,>=3.10"
summary = "pySigma Windows processing pipelines"
groups = ["default"]
dependencies = [
    "pysigma<2.0,>=1.0",
]
files = [
    {file = "pysigma_pipeline_windows-2.0.1-py3-none-any.whl", hash = "sha256:f62d1d5be64379dcb1584ea89cf3765732a25470b249f7ffac1fb9e2e2e19d80"},
    {file = "pysigma_pipeline_windows-2.0.1.tar.gz", hash = "sha256:3f72bed56a4006332dca664836d35e880d7df6cad49971deaa24710711faba46"},
]

[[package]]
name = "python-dateutil"
version = "2.9.0.post0"
requires_python = "!=3.0.*,!=3.1.*,!=3.2.*,>=2.7"
summary = "Extensions to the standard Python datetime module"
groups = ["default"]
dependencies = [
    "six>=1.5",
]
files = [
    {file = "python-dateutil-2.9.0.post0.tar.gz", hash = "sha256:37dd54208da7e1cd875388217d5e00ebd4179249f90fb72437e91a35459a0ad3"},
    {file = "python_dateutil-2.9.0.post0-py2.py3-none-any.whl", hash = "sha256:a8b2bc7bffae282281c8140a97d3aa9c14da0b136dfe83f850eea9a5f7470427"},
]

[[package]]
name = "python-utils"
version = "4.0.1"
requires_python = ">=3.10"
summary = "Python Utils is a module with some convenient utilities not included with the standard Python install"
groups = ["default"]
dependencies = [
    "typing-extensions>3.10.0.2",
]
files = [
    {file = "python_utils-4.0.1-py3-none-any.whl", hash = "sha256:6017bb56498a58656ecf48e66fb1f1632c7b33f9f2968548a021563e85be1aed"},
    {file = "python_utils-4.0.1.tar.gz", hash = "sha256:4e8e8ecaba3862f843a60c1982c99cda23b522f417006a807996a876c18beb8d"},
]

[[package]]
name = "pyyaml"
version = "6.0.3"
requires_python = ">=3.8"
summary = "YAML parser and emitter for Python"
groups = ["default"]
files = [
    {file = "pyyaml-6.0.3-cp310-cp310-macosx_10_13_x86_64.whl", hash = "sha256:214ed4befebe12df36bcc8bc2b64b396ca31be9304b8f59e25c11cf94a4c033b"},
    {file = "pyyaml-6.0.3-cp310-cp310-macosx_11_0_arm64.whl", hash = "sha256:02ea2dfa234451bbb8772601d7b8e426c2bfa197136796224e50e35a78777956"},
    {file = "pyyaml-6.0.3-cp310-cp310-manylinux2014_aarch64.manylinux_2_17_aarch64.manylinux_2_28_aarch64.whl", hash = "sha256:b30236e45cf30d2b8e7b3e85881719e98507abed1011bf463a8fa23e9c3e98a8"},
    {file = "pyyaml-6.0.3-cp310-cp310-manylinux2014_s390x.manylinux_2_17_s390x.manylinux_2_28_s390x.whl", hash = "sha256:66291b10affd76d76f54fad28e22e51719ef9ba22b29e1d7d03d6777a9174198"},
    {file = "pyyaml-6.0.3-cp310-cp310-manylinux2014_x86_64.manylinux_2_17_x86_64.manylinux_2_28_x86_64.whl", hash = "sha256:9c7708761fccb9397fe64bbc0395abcae8c4bf7b0eac081e12b809bf47700d0b"},
    {file = "pyyaml-6.0.3-cp310-cp310-musllinux_1_2_aarch64.whl", hash = "sha256:418cf3f2111bc80e0933b2cd8cd04f286338bb88bdc7bc8e6dd775ebde60b5e0"},
    {file = "pyyaml-6.0.3-cp310-cp310-musllinux_1_2_x86_64.whl", hash = "sha256:5e0b74767e5f8c593e8c9b5912019159ed0533c70051e9cce3e8b6aa699fcd69"},
    {file = "pyyaml-6.0.3-cp310-cp310-win32.whl", hash = "sha256:28c8d926f98f432f88adc23edf2e6d4921ac26fb084b028c733d01868d19007e"},
    {file = "pyyaml-6.0.3-cp310-cp310-win_amd64.whl", hash = "sha256:bdb2c67c6c1390b63c6ff89f210c8fd09d9a1217a465701eac7316313c915e4c"},
    {file = "pyyaml-6.0.3.tar.gz", hash = "sha256:d76623373421df22fb4cf8817020cbb7ef15c725b9d5e45f17e189bfc384190f"},
]

[[package]]
name = "requests"
version = "2.34.2"
requires_python = ">=3.10"
summary = "Python HTTP for Humans."
groups = ["default"]
dependencies = [
    "certifi>=2023.5.7",
    "charset-normalizer<4,>=2",
    "idna<4,>=2.5",
    "urllib3<3,>=1.26",
]
files = [
    {file = "requests-2.34.2-py3-none-any.whl", hash = "sha256:2a0d60c172f83ac6ab31e4554906c0f3b3588d37b5cb939b1c061f4907e278e0"},
    {file = "requests-2.34.2.tar.gz", hash = "sha256:f288924cae4e29463698d6d60bc6a4da69c89185ad1e0bcc4104f584e960b9ed"},
]

[[package]]
name = "ruamel-yaml"
version = "0.19.1"
requires_python = ">=3.9"
summary = "ruamel.yaml is a YAML parser/emitter that supports roundtrip preservation of comments, seq/map flow style, and map key order"
groups = ["default"]
files = [
    {file = "ruamel_yaml-0.19.1-py3-none-any.whl", hash = "sha256:27592957fedf6e0b62f281e96effd28043345e0e66001f97683aa9a40c667c93"},
    {file = "ruamel_yaml-0.19.1.tar.gz", hash = "sha256:53eb66cd27849eff968ebf8f0bf61f46cdac2da1d1f3576dd4ccee9b25c31993"},
]

[[package]]
name = "six"
version = "1.17.0"
requires_python = "!=3.0.*,!=3.1.*,!=3.2.*,>=2.7"
summary = "Python 2 and 3 compatibility utilities"
groups = ["default"]
files = [
    {file = "six-1.17.0-py2.py3-none-any.whl", hash = "sha256:4721f391ed90541fddacab5acf947aa0d3dc7d27b2e1e8eda2be8970586c3274"},
    {file = "six-1.17.0.tar.gz", hash = "sha256:ff70335d468e7eb6ec65b95b99d3a2836546063f63acc5171de367e834932a81"},
]

[[package]]
name = "termcolor"
version = "3.3.0"
requires_python = ">=3.10"
summary = "ANSI color formatting for output in terminal"
groups = ["default"]
files = [
    {file = "termcolor-3.3.0-py3-none-any.whl", hash = "sha256:cf642efadaf0a8ebbbf4bc7a31cec2f9b5f21a9f726f4ccbb08192c9c26f43a5"},
    {file = "termcolor-3.3.0.tar.gz", hash = "sha256:348871ca648ec6a9a983a13ab626c0acce02f515b9e1983332b17af7979521c5"},
]

[[package]]
name = "types-pyyaml"
version = "6.0.12.20260906"
requires_python = ">=3.10"
summary = "Typing stubs for PyYAML"
groups = ["default"]
files = [
    {file = "types_pyyaml-6.0.12.20260906-py3-none-any.whl", hash = "sha256:bca893ff0d51df5c9053137d5d0e6ccd36e939a196356f1d5c16372422f5137b"},
    {file = "types_pyyaml-6.0.12.20260906.tar.gz", hash = "sha256:f59c1cc05010b833d2d72287bbaa72610106b28d42d89a907313117faba85212"},
]

[[package]]
name = "typing-extensions"
version = "4.16.0"
requires_python = ">=3.9"
summary = "Backported and Experimental Type Hints for Python 3.9+"
groups = ["default"]
files = [
    {file = "typing_extensions-4.16.0-py3-none-any.whl", hash = "sha256:481caa481374e813c1b176ada14e97f1f67a4539ce9cfeb3f350d78d6370c2e8"},
    {file = "typing_extensions-4.16.0.tar.gz", hash = "sha256:dc983d19a509c94dba722ee6abd33940f7c05a89e243c47e907eb4db6f1a43e5"},
]

[[package]]
name = "urllib3"
version = "2.8.0"
requires_python = ">=3.10"
summary = "HTTP library with thread-safe connection pooling, file post, and more."
groups = ["default"]
files = [
    {file = "urllib3-2.8.0-py3-none-any.whl", hash = "sha256:0cf3cae568d36aa9576b28dfb35f11328f1cb974ca7647d9475ebb86c75ac6e3"},
    {file = "urllib3-2.8.0.tar.gz", hash = "sha256:63bf2ead4c879426ebf22ef2a781eeb4aa3b4ae798a0435506f8687fd5bb9b63"},
]

[[package]]
name = "wrapt"
version = "2.5.0"
requires_python = ">=3.9"
summary = "Module for decorators, wrappers and monkey patching."
groups = ["default"]
files = [
    {file = "wrapt-2.5.0-cp310-cp310-macosx_10_9_x86_64.whl", hash = "sha256:e0345d4c1f7aa5a27075d28a7f0e9ed386729198045f1f08b47f8320d6bbda23"},
    {file = "wrapt-2.5.0-cp310-cp310-macosx_11_0_arm64.whl", hash = "sha256:aae2f5f4c77335a39ebe5a1c77d5519f6cefefc7dbff50bd551e3771d927e3fc"},
    {file = "wrapt-2.5.0-cp310-cp310-manylinux1_x86_64.manylinux_2_28_x86_64.manylinux_2_5_x86_64.whl", hash = "sha256:1b35ef7379323a149a6398f6261248bf48b61666210bd69e2ab24a9a9afdedc0"},
    {file = "wrapt-2.5.0-cp310-cp310-manylinux2014_aarch64.manylinux_2_17_aarch64.manylinux_2_28_aarch64.whl", hash = "sha256:7e2af7ff9553c492f684a41d903ec41e37bf6267ee3206c17518a349201cae46"},
    {file = "wrapt-2.5.0-cp310-cp310-manylinux_2_31_riscv64.manylinux_2_39_riscv64.whl", hash = "sha256:734ea79e4707751fb7cc4f716123b2115cd16ed0c4926e803540aece22e3ba67"},
    {file = "wrapt-2.5.0-cp310-cp310-musllinux_1_2_aarch64.whl", hash = "sha256:1ccd22ef8690ca302425f26d4c3e8b24f1284d4351d20e49ce21f9c0dd58d64d"},
    {file = "wrapt-2.5.0-cp310-cp310-musllinux_1_2_riscv64.whl", hash = "sha256:439523506fd0d9af4f76d75f2e46aa4979e164fecba6890859326ff06edbaf9c"},
    {file = "wrapt-2.5.0-cp310-cp310-musllinux_1_2_x86_64.whl", hash = "sha256:94ebe745d1b0ebd3af91e22c38961616d32a228bdf9c326e7d4a6007a623d48e"},
    {file = "wrapt-2.5.0-cp310-cp310-win32.whl", hash = "sha256:5375ff1d2159e2ef847449e3dd2329441423d0a3d895d123273a67095fe7ca0c"},
    {file = "wrapt-2.5.0-cp310-cp310-win_amd64.whl", hash = "sha256:513dd1f4a1f91030d5656d9f4b3af8aa490d4db1eb53481e6846b8a5ee7acfcd"},
    {file = "wrapt-2.5.0-cp310-cp310-win_arm64.whl", hash = "sha256:c3dfb16e047c912e1a06bfbc45da752219f474897be85f55b8069f7936b08cc0"},
    {file = "wrapt-2.5.0-py3-none-any.whl", hash = "sha256:107eea1a511e98a3a5033b0c2cb403fbb37f05dee6ac1fb85c0460d311ec278c"},
    {file = "wrapt-2.5.0.tar.gz", hash = "sha256:c48cdb6c904dca76d9915a579e4a5fab6b0c25f650c1019ce78a78effaf7a345"},
]
