# This file is @generated by PDM.
# It is not intended for manual editing.

[metadata]
groups = ["default"]
strategy = ["inherit_metadata"]
lock_version = "4.5.1"
content_hash = "sha256:192337edcd16a3214f6260c9ee59960d28befeb44f1126dc4e17033eedae7067"

[[metadata.targets]]
requires_python = "==3.10.*"

[[package]]
name = "certifi"
version = "2026.7.22"
requires_python = ">=3.7"
summary = "Python package for providing Mozilla's CA Bundle."
groups = ["default"]
files = [
    {file = "certifi-2026.7.22-py3-none-any.whl", hash = "sha256:62f22742b58a1a33014a2b6b706588a8d7e2a88ae7bd1a6ebe8c992928483775"},
    {file = "certifi-2026.7.22.tar.gz", hash = "sha256:741e2c3b351ddf169a738da9f2c048608ff7f2c5cc02f1ebc6b118bb090d5d55"},
]

[[package]]
name = "charset-normalizer"
version = "3.5.0"
requires_python = ">=3.7"
summary = "The Real First Universal Charset Detector. Open, modern and actively maintained alternative to Chardet."
groups = ["default"]
files = [
    {file = "charset_normalizer-3.5.0-cp310-cp310-macosx_10_9_universal2.whl", hash = "sha256:d2478bd3b2ead3962a484fb802891be40d10049fb74f83e09cb4463fad023fea"},
    {file = "charset_normalizer-3.5.0-cp310-cp310-manylinux2014_aarch64.manylinux_2_17_aarch64.manylinux_2_28_aarch64.whl", hash = "sha256:7cdded069549b5eae3d5d9bb6c2e5bb4fe83f9b81863e2a193cd747bf197aebb"},
    {file = "charset_normalizer-3.5.0-cp310-cp310-manylinux2014_armv7l.manylinux_2_17_armv7l.manylinux_2_31_armv7l.whl", hash = "sha256:aff38231e3171c578b2c449a01afa44e9ff40844597a32873da102394f63d28e"},
    {file = "charset_normalizer-3.5.0-cp310-cp310-manylinux2014_ppc64le.manylinux_2_17_ppc64le.manylinux_2_28_ppc64le.whl", hash = "sha256:4346a693c08b1d0cfc0e3325bfb0ecd4322fb1a6904d68cf416f8da5e981b234"},
    {file = "charset_normalizer-3.5.0-cp310-cp310-manylinux2014_s390x.manylinux_2_17_s390x.manylinux_2_28_s390x.whl", hash = "sha256:b787efadba00f5da6fe89513bfbe3852d52ca3a448fdec165765cb3b44a80248"},
    {file = "charset_normalizer-3.5.0-cp310-cp310-manylinux2014_x86_64.manylinux_2_17_x86_64.manylinux_2_28_x86_64.whl", hash = "sha256:143792a43e06dc3b27fc891948406e251502dc19ff9216cd80182b79131be5c5"},
    {file = "charset_normalizer-3.5.0-cp310-cp310-manylinux_2_31_riscv64.manylinux_2_39_riscv64.whl", hash = "sha256:d74bcf1cdd8ac8267fb216473ce6b112efa07b163536288094541415084d131c"},
    {file = "charset_normalizer-3.5.0-cp310-cp310-musllinux_1_2_aarch64.whl", hash = "sha256:3bfbe543d957213fc9a3db4979a8e171b7aa7504c1d737029defdb03a6095a38"},
    {file = "charset_normalizer-3.5.0-cp310-cp310-musllinux_1_2_armv7l.whl", hash = "sha256:3587d94b5c9f05c2dc4c3f3d47aba6375ff141a21adae3051d8d4d53e8a937c0"},
    {file = "charset_normalizer-3.5.0-cp310-cp310-musllinux_1_2_ppc64le.whl", hash = "sha256:a7cb4cd266bd85613367fb85a30cfbf6fe6349919e87e18ca8dba584951bfb8a"},
    {file = "charset_normalizer-3.5.0-cp310-cp310-musllinux_1_2_riscv64.whl", hash = "sha256:ffdd7ac514301d0a67f7c23b9f2b431ef909a3c3dd6c3766668d0a6f5900c94e"},
    {file = "charset_normalizer-3.5.0-cp310-cp310-musllinux_1_2_s390x.whl", hash = "sha256:3684ebbdffd51329ac44245d1d227d90b965797aa1a8abd026568a1f6ae88811"},
    {file = "charset_normalizer-3.5.0-cp310-cp310-musllinux_1_2_x86_64.whl", hash = "sha256:8b8788f114845c01f2b520e0b91ea58d143276cfc0483aa943e815f7b9555c15"},
    {file = "charset_normalizer-3.5.0-cp310-cp310-win32.whl", hash = "sha256:9a1d9b13e5e394e13e3c316f0d910d100b17681ff59797f30da1dba032061296"},
    {file = "charset_normalizer-3.5.0-cp310-cp310-win_amd64.whl", hash = "sha256:5a54587f93f2e289f8faf25b35c997d4cc75cf677485ac6f50c985715989f99c"},
    {file = "charset_normalizer-3.5.0-cp310-cp310-win_arm64.whl", hash = "sha256:38a395079f229a631dece74e24c69c1f612536dd51f345a7d6a98abe2d3e047a"},
    {file = "charset_normalizer-3.5.0-cp37-abi3-macosx_10_9_universal2.whl", hash = "sha256:5a4ee37248dfac25107c758bda99d545ce73e60b44d2dd39e4a2bb9f2831e9f5"},
    {file = "charset_normalizer-3.5.0-cp37-abi3-manylinux1_x86_64.manylinux_2_28_x86_64.manylinux_2_5_x86_64.whl", hash = "sha256:a864bdcacd8bff58bb4845304e031f821a3ec64b2b7259f2d409cd49c9e59ca3"},
    {file = "charset_normalizer-3.5.0-cp37-abi3-manylinux2014_aarch64.manylinux_2_17_aarch64.manylinux_2_28_aarch64.whl", hash = "sha256:84b736e3b391601bc47b86da381c749c0f894e9191aaca9f31f30c2632206df3"},
    {file = "charset_normalizer-3.5.0-cp37-abi3-manylinux2014_armv7l.manylinux_2_17_armv7l.manylinux_2_31_armv7l.whl", hash = "sha256:6abb1f356fb865baeb6ebc3fadd843e9a96fbf49b9adcca55037f3cceccb7438"},
    {file = "charset_normalizer-3.5.0-cp37-abi3-manylinux2014_ppc64le.manylinux_2_17_ppc64le.manylinux_2_28_ppc64le.whl", hash = "sha256:1d366548d2ee28a8cfdcc4296363978cc644a728333be9824d2de4652e83df0a"},
    {file = "charset_normalizer-3.5.0-cp37-abi3-manylinux2014_s390x.manylinux_2_17_s390x.manylinux_2_28_s390x.whl", hash = "sha256:d672f329ae504ee240eb39b6effb3318aa8e7e8924c0ce8eee5760b3fad98539"},
    {file = "charset_normalizer-3.5.0-cp37-abi3-manylinux_2_31_riscv64.manylinux_2_39_riscv64.whl", hash = "sha256:c54036a518748b6c02e666f6d46c3817561998fb904c3be25b56fb4fe3dc5706"},
    {file = "charset_normalizer-3.5.0-cp37-abi3-musllinux_1_2_aarch64.whl", hash = "sha256:22a1889f1c9b752c63c36758a0c2145458e3cadb20fced7a0790002e9dd12b26"},
    {file = "charset_normalizer-3.5.0-cp37-abi3-musllinux_1_2_armv7l.whl", hash = "sha256:b7eb3eab5c646d3de7dcb14a7c9caebace5249c5767da39e1761cb1576e521a3"},
    {file = "charset_normalizer-3.5.0-cp37-abi3-musllinux_1_2_ppc64le.whl", hash = "sha256:2080aa129a28267984cdc902898993d788c995c384e285d0d19199f56760d52e"},
    {file = "charset_normalizer-3.5.0-cp37-abi3-musllinux_1_2_riscv64.whl", hash = "sha256:fd68c825548a611158230e2f9222e210ceb2e3391995c0aa5865cbdf3ab4bd49"},
    {file = "charset_normalizer-3.5.0-cp37-abi3-musllinux_1_2_s390x.whl", hash = "sha256:d8a9316f4da85e937242642b537c6d55d7e9287dd38e5634732f8233932aff45"},
    {file = "charset_normalizer-3.5.0-cp37-abi3-musllinux_1_2_x86_64.whl", hash = "sha256:d90254c8f609338c53ec180fcd4c4f9c16502e238e3fc88ca7fd4c2f38d445b8"},
    {file = "charset_normalizer-3.5.0-cp37-abi3-win32.whl", hash = "sha256:8b3e9e29b8b07cc461b9ce7768db7693a93979d0dadf22046f6f3555ded2f516"},
    {file = "charset_normalizer-3.5.0-cp37-abi3-win_amd64.whl", hash = "sha256:0c8953d9d1617794cfc40d81179571c9ba3805dd029623a15c93f1fb70e60a74"},
    {file = "charset_normalizer-3.5.0-cp37-abi3-win_arm64.whl", hash = "sha256:562d24ca7797c1af8852994950c2e623a907b201fc4b0ed29e92af173d3828ca"},
    {file = "charset_normalizer-3.5.0-py3-none-any.whl", hash = "sha256:993dfcbe75a85a3784abb5084f2c41b915767c90546fcc92803cffa28611baea"},
    {file = "charset_normalizer-3.5.0.tar.gz", hash = "sha256:49bd5feb59b0bf3cbf6ebcf4352e371c95b9da9bacd4449f8b64d0ad2c10a26e"},
]

[[package]]
name = "deprecated"
version = "1.3.1"
requires_python = "!=3.0.*,!=3.1.*,!=3.2.*,!=3.3.*,>=2.7"
summary = "Python @deprecated decorator to deprecate old python classes, functions or methods."
groups = ["default"]
dependencies = [
    "inspect2; python_version < \"3\"",
    "wrapt<3,>=1.10",
]
files = [
    {file = "deprecated-1.3.1-py2.py3-none-any.whl", hash = "sha256:597bfef186b6f60181535a29fbe44865ce137a5079f295b479886c82729d5f3f"},
    {file = "deprecated-1.3.1.tar.gz", hash = "sha256:b1b50e0ff0c1fddaa5708a2c6b0a6588bb09b892825ab2b214ac9ea9d92a5223"},
]

[[package]]
name = "diskcache"
version = "5.6.3"
requires_python = ">=3"
summary = "Disk Cache -- Disk and file backed persistent cache."
groups = ["default"]
files = [
    {file = "diskcache-5.6.3-py3-none-any.whl", hash = "sha256:5e31b2d5fbad117cc363ebaf6b689474db18a1f6438bc82358b024abd4c2ca19"},
    {file = "diskcache-5.6.3.tar.gz", hash = "sha256:2c3a3fa2743d8535d832ec61c2054a1641f41775aa7c556758a109941e33e4fc"},
]

[[package]]
name = "diskcache-stubs"
version = "5.6.3.6.20240818"
requires_python = ">=3"
summary = "diskcache stubs"
groups = ["default"]
dependencies = [
    "typing-extensions>=4.4.0",
]
files = [
    {file = "diskcache_stubs-5.6.3.6.20240818-py3-none-any.whl", hash = "sha256:e1db90940b344140730976abe79f57f5b43ca296cbb43fa95da0c69b12d5de4f"},
    {file = "diskcache_stubs-5.6.3.6.20240818.tar.gz", hash = "sha256:b6eb43899e906b3167a20ac09a9a226f30267a306a96542ea720ebbfc3282796"},
]

[[package]]
name = "idna"
version = "3.18"
requires_python = ">=3.9"
summary = "Internationalized Domain Names in Applications (IDNA)"
groups = ["default"]
files = [
    {file = "idna-3.18-py3-none-any.whl", hash = "sha256:7f952cbe720b688055e3f87de14f5c3e5fdaa8bc3928985c4077ca689de849a2"},
    {file = "idna-3.18.tar.gz", hash = "sha256:ffb385a7e039654cef1ab9ef32c6fafe283c0c0467bba1d9029738ce4a14a848"},
]

[[package]]
name = "jinja2"
version = "3.1.6"
requires_python = ">=3.7"
summary = "A very fast and expressive template engine."
groups = ["default"]
dependencies = [
    "MarkupSafe>=2.0",
]
files = [
    {file = "jinja2-3.1.6-py3-none-any.whl", hash = "sha256:85ece4451f492d0c13c5dd7c13a64681a86afae63a5f347908daf103ce6d2f67"},
    {file = "jinja2-3.1.6.tar.gz", hash = "sha256:0137fb05990d35f1275a587e9aee6d56da821fc83491a0fb838183be43f66d6d"},
]

[[package]]
name = "jq"
version = "1.12.0"
requires_python = ">=3.8"
summary = "jq is a lightweight and flexible JSON processor."
groups = ["default"]
files = [
    {file = "jq-1.12.0-cp310-cp310-macosx_10_9_x86_64.whl", hash = "sha256:670e87f00271d89dd0229f26eb323ab5e5a49d8b743321da15de55e0d976d07e"},
    {file = "jq-1.12.0-cp310-cp310-macosx_11_0_arm64.whl", hash = "sha256:961b5aec833eae2914aa9e25462d55695fb2572789ec387ce67ac97ac1291d39"},
    {file = "jq-1.12.0-cp310-cp310-manylinux_2_26_aarch64.manylinux_2_28_aarch64.whl", hash = "sha256:0d5104dc01c6bcdb253fb4c98ad2083ff44d75bce80b381dce4343cd12f69481"},
    {file = "jq-1.12.0-cp310-cp310-manylinux_2_26_x86_64.manylinux_2_28_x86_64.whl", hash = "sha256:67d72c28ed5d2efde569550ad323742155104c0d99af359ca421d4b1c19f3565"},
    {file = "jq-1.12.0-cp310-cp310-musllinux_1_2_aarch64.whl", hash = "sha256:f553f6f89530e6e0af1e87e24adbf9764787077fe7b7bee672eb152c93bfe71a"},
    {file = "jq-1.12.0-cp310-cp310-musllinux_1_2_x86_64.whl", hash = "sha256:86ffa2c09d0cbf0b48c91e300633e07761cb0277dc18f892797b083fad025f31"},
    {file = "jq-1.12.0-cp310-cp310-win_amd64.whl", hash = "sha256:1b37866631de9ab0ccc40a208dc1337df2bad90591b7304fd09d9d4a544fd096"},
    {file = "jq-1.12.0.tar.gz", hash = "sha256:729b2d3418c8ca7dccfaa66b9fb7a98bec28474212650d27c5c04358ce26f55c"},
]

[[package]]
name = "markupsafe"
version = "3.0.3"
requires_python = ">=3.9"
summary = "Safely add untrusted strings to HTML/XML markup."
groups = ["default"]
files = [
    {file = "markupsafe-3.0.3-cp310-cp310-macosx_10_9_x86_64.whl", hash = "sha256:2f981d352f04553a7171b8e44369f2af4055f888dfb147d55e42d29e29e74559"},
    {file = "markupsafe-3.0.3-cp310-cp310-macosx_11_0_arm64.whl", hash = "sha256:e1c1493fb6e50ab01d20a22826e57520f1284df32f2d8601fdd90b6304601419"},
    {file = "markupsafe-3.0.3-cp310-cp310-manylinux2014_aarch64.manylinux_2_17_aarch64.manylinux_2_28_aarch64.whl", hash = "sha256:1ba88449deb3de88bd40044603fafffb7bc2b055d626a330323a9ed736661695"},
    {file = "markupsafe-3.0.3-cp310-cp310-manylinux2014_x86_64.manylinux_2_17_x86_64.manylinux_2_28_x86_64.whl", hash = "sha256:f42d0984e947b8adf7dd6dde396e720934d12c506ce84eea8476409563607591"},
    {file = "markupsafe-3.0.3-cp310-cp310-manylinux_2_31_riscv64.manylinux_2_39_riscv64.whl", hash = "sha256:c0c0b3ade1c0b13b936d7970b1d37a57acde9199dc2aecc4c336773e1d86049c"},
    {file = "markupsafe-3.0.3-cp310-cp310-musllinux_1_2_aarch64.whl", hash = "sha256:0303439a41979d9e74d18ff5e2dd8c43ed6c6001fd40e5bf2e43f7bd9bbc523f"},
    {file = "markupsafe-3.0.3-cp310-cp310-musllinux_1_2_riscv64.whl", hash = "sha256:d2ee202e79d8ed691ceebae8e0486bd9a2cd4794cec4824e1c99b6f5009502f6"},
    {file = "markupsafe-3.0.3-cp310-cp310-musllinux_1_2_x86_64.whl", hash = "sha256:177b5253b2834fe3678cb4a5f0059808258584c559193998be2601324fdeafb1"},
    {file = "markupsafe-3.0.3-cp310-cp310-win32.whl", hash = "sha256:2a15a08b17dd94c53a1da0438822d70ebcd13f8c3a95abe3a9ef9f11a94830aa"},
    {file = "markupsafe-3.0.3-cp310-cp310-win_amd64.whl", hash = "sha256:c4ffb7ebf07cfe8931028e3e4c85f0357459a3f9f9490886198848f4fa002ec8"},
    {file = "markupsafe-3.0.3-cp310-cp310-win_arm64.whl", hash = "sha256:e2103a929dfa2fcaf9bb4e7c091983a49c9ac3b19c9061b6d5427dd7d14d81a1"},
    {file = "markupsafe-3.0.3.tar.gz", hash = "sha256:722695808f4b6457b320fdc131280796bdceb04ab50fe1795cd540799ebe1698"},
]

[[package]]
name = "packaging"
version = "26.3"
requires_python = ">=3.9"
summary = "Core utilities for Python packages"
groups = ["default"]
files = [
    {file = "packaging-26.3-py3-none-any.whl", hash = "sha256:d7193f7c8e4e93f444fde0262bf90af30e16fa0ad0ad44cb553c87339b23cd1c"},
    {file = "packaging-26.3.tar.gz", hash = "sha256:94edc256424af38762eb31306eed28beb9f0efc50a8837492c9d6fd6004aed79"},
]

[[package]]
name = "progressbar2"
version = "4.6.0"
requires_python = ">=3.10"
summary = "A Python Progressbar library to provide visual (yet text based) progress to long running operations."
groups = ["default"]
dependencies = [
    "python-utils>=3.8.1",
]
files = [
    {file = "progressbar2-4.6.0-py3-none-any.whl", hash = "sha256:2d78bdeb1debef92a39dd9042e0689542bd72d6e2f30b13432db371aa9d8ee4e"},
    {file = "progressbar2-4.6.0.tar.gz", hash = "sha256:fe48c8955a84428af77bff2642ba47041e1b8f7c867a5b7cc94f8bc255a8f0cf"},
]

[[package]]
name = "pymisp"
version = "2.5.34.1"
requires_python = "<4.0,>=3.10"
summary = "Python API for MISP."
groups = ["default"]
dependencies = [
    "deprecated>=1.3.1",
    "python-dateutil>=2.9.0.post0",
    "requests>=2.33.1",
]
files = [
    {file = "pymisp-2.5.34.1-py3-none-any.whl", hash = "sha256:7ed974fa4ab325ddcb8eee4be7d6723636f849516c54a055da1ea1638cbfcd37"},
    {file = "pymisp-2.5.34.1.tar.gz", hash = "sha256:dc7d44213064b5fc920dfeb8feae21165eb6543288e3809f2a5c6dd86ec37fa5"},
]

[[package]]
name = "pyparsing"
version = "3.3.2"
requires_python = ">=3.9"
summary = "pyparsing - Classes and methods to define and execute parsing grammars"
groups = ["default"]
files = [
    {file = "pyparsing-3.3.2-py3-none-any.whl", hash = "sha256:850ba148bd908d7e2411587e247a1e4f0327839c40e2e5e6d05a007ecc69911d"},
    {file = "pyparsing-3.3.2.tar.gz", hash = "sha256:c777f4d763f140633dcb6d8a3eda953bf7a214dc4eff598413c070bcdc117cbc"},
]

[[package]]
name = "pysigma"
version = "1.5.0"
requires_python = "<4.0,>=3.10"
summary = "Sigma rule processing and conversion tools"
groups = ["default"]
dependencies = [
    "diskcache-stubs>=5.6.3",
    "diskcache<6.0.0,>=5.6.3",
    "jinja2<4.0.0,>=3.1.6",
    "jq<2.0,>=1.12",
    "packaging<27.0,>=26.0",
    "pyparsing<4.0.0,>=3.2.5",
    "pyyaml<7.0.0,>=6.0.3",
    "requests<3.0.0,>=2.32.5",
    "types-pyyaml<7.0.0.0,>=6.0.12.20260724",
    "typing-extensions<5.0.0,>=4.16.0",
]
files = [
    {file = "pysigma-1.5.0-py3-none-any.whl", hash = "sha256:871452a262aedb17d9e85344142944c5a0ac50e8b57408ec355efeb1329231b6"},
    {file = "pysigma-1.5.0.tar.gz", hash = "sha256:2c258cf676d2896c94279fb54c7eea664118cf08285bde122b4df75cc7b6b194"},
]

[[package]]
name = "pysigma-pipeline-sysmon"
version = "2.0.0"
requires_python = "<4.0,>=3.10"
summary = "pySigma Sysmon processing pipelines"
groups = ["default"]
dependencies = [
    "pysigma<2.0.0,>=1.0.0",
]
files = [
    {file = "pysigma_pipeline_sysmon-2.0.0-py3-none-any.whl", hash = "sha256:84575bbde5dd891882306ca1f6ce16bdc592da2e511ac8960012af2efb9d120b"},
    {file = "pysigma_pipeline_sysmon-2.0.0.tar.gz", hash = "sha256:a05c4f0d59602c4002bc0a1b9189508454f85ec397f5fd20294d3b56006bee54"},
]

[[package]]
name = "pysigma-pipeline-windows"
version = "2.0.0"
requires_python = "<4.0,>=3.10"
summary = "pySigma Windows processing pipelines"
groups = ["default"]
dependencies = [
    "pysigma<2.0,>=1.0",
]
files = [
    {file = "pysigma_pipeline_windows-2.0.0-py3-none-any.whl", hash = "sha256:906ffe558cb43576b0590ae98a9a3463ed10b958d7a9bd2803ffde9f1d769ec3"},
    {file = "pysigma_pipeline_windows-2.0.0.tar.gz", hash = "sha256:2abd390f1b90c4cbe4f65cc05bf05ee03f8f413c204d3d3f0a734850ba5c4715"},
]

[[package]]
name = "python-dateutil"
version = "2.9.0.post0"
requires_python = "!=3.0.*,!=3.1.*,!=3.2.*,>=2.7"
summary = "Extensions to the standard Python datetime module"
groups = ["default"]
dependencies = [
    "six>=1.5",
]
files = [
    {file = "python-dateutil-2.9.0.post0.tar.gz", hash = "sha256:37dd54208da7e1cd875388217d5e00ebd4179249f90fb72437e91a35459a0ad3"},
    {file = "python_dateutil-2.9.0.post0-py2.py3-none-any.whl", hash = "sha256:a8b2bc7bffae282281c8140a97d3aa9c14da0b136dfe83f850eea9a5f7470427"},
]

[[package]]
name = "python-utils"
version = "4.0.0"
requires_python = ">=3.10"
summary = "Python Utils is a module with some convenient utilities not included with the standard Python install"
groups = ["default"]
dependencies = [
    "typing-extensions>3.10.0.2",
]
files = [
    {file = "python_utils-4.0.0-py3-none-any.whl", hash = "sha256:96b969a878bbc147e69db60aac7c618ff97f7e5e03e9d78ade85d764af71faa5"},
    {file = "python_utils-4.0.0.tar.gz", hash = "sha256:51d84b297d9877205a76e65f970e3275d1aa9c1cf3d508af2c459247eb4fe701"},
]

[[package]]
name = "pyyaml"
version = "6.0.3"
requires_python = ">=3.8"
summary = "YAML parser and emitter for Python"
groups = ["default"]
files = [
    {file = "pyyaml-6.0.3-cp310-cp310-macosx_10_13_x86_64.whl", hash = "sha256:214ed4befebe12df36bcc8bc2b64b396ca31be9304b8f59e25c11cf94a4c033b"},
    {file = "pyyaml-6.0.3-cp310-cp310-macosx_11_0_arm64.whl", hash = "sha256:02ea2dfa234451bbb8772601d7b8e426c2bfa197136796224e50e35a78777956"},
    {file = "pyyaml-6.0.3-cp310-cp310-manylinux2014_aarch64.manylinux_2_17_aarch64.manylinux_2_28_aarch64.whl", hash = "sha256:b30236e45cf30d2b8e7b3e85881719e98507abed1011bf463a8fa23e9c3e98a8"},
    {file = "pyyaml-6.0.3-cp310-cp310-manylinux2014_s390x.manylinux_2_17_s390x.manylinux_2_28_s390x.whl", hash = "sha256:66291b10affd76d76f54fad28e22e51719ef9ba22b29e1d7d03d6777a9174198"},
    {file = "pyyaml-6.0.3-cp310-cp310-manylinux2014_x86_64.manylinux_2_17_x86_64.manylinux_2_28_x86_64.whl", hash = "sha256:9c7708761fccb9397fe64bbc0395abcae8c4bf7b0eac081e12b809bf47700d0b"},
    {file = "pyyaml-6.0.3-cp310-cp310-musllinux_1_2_aarch64.whl", hash = "sha256:418cf3f2111bc80e0933b2cd8cd04f286338bb88bdc7bc8e6dd775ebde60b5e0"},
    {file = "pyyaml-6.0.3-cp310-cp310-musllinux_1_2_x86_64.whl", hash = "sha256:5e0b74767e5f8c593e8c9b5912019159ed0533c70051e9cce3e8b6aa699fcd69"},
    {file = "pyyaml-6.0.3-cp310-cp310-win32.whl", hash = "sha256:28c8d926f98f432f88adc23edf2e6d4921ac26fb084b028c733d01868d19007e"},
    {file = "pyyaml-6.0.3-cp310-cp310-win_amd64.whl", hash = "sha256:bdb2c67c6c1390b63c6ff89f210c8fd09d9a1217a465701eac7316313c915e4c"},
    {file = "pyyaml-6.0.3.tar.gz", hash = "sha256:d76623373421df22fb4cf8817020cbb7ef15c725b9d5e45f17e189bfc384190f"},
]

[[package]]
name = "requests"
version = "2.34.2"
requires_python = ">=3.10"
summary = "Python HTTP for Humans."
groups = ["default"]
dependencies = [
    "certifi>=2023.5.7",
    "charset-normalizer<4,>=2",
    "idna<4,>=2.5",
    "urllib3<3,>=1.26",
]
files = [
    {file = "requests-2.34.2-py3-none-any.whl", hash = "sha256:2a0d60c172f83ac6ab31e4554906c0f3b3588d37b5cb939b1c061f4907e278e0"},
    {file = "requests-2.34.2.tar.gz", hash = "sha256:f288924cae4e29463698d6d60bc6a4da69c89185ad1e0bcc4104f584e960b9ed"},
]

[[package]]
name = "ruamel-yaml"
version = "0.19.1"
requires_python = ">=3.9"
summary = "ruamel.yaml is a YAML parser/emitter that supports roundtrip preservation of comments, seq/map flow style, and map key order"
groups = ["default"]
files = [
    {file = "ruamel_yaml-0.19.1-py3-none-any.whl", hash = "sha256:27592957fedf6e0b62f281e96effd28043345e0e66001f97683aa9a40c667c93"},
    {file = "ruamel_yaml-0.19.1.tar.gz", hash = "sha256:53eb66cd27849eff968ebf8f0bf61f46cdac2da1d1f3576dd4ccee9b25c31993"},
]

[[package]]
name = "six"
version = "1.17.0"
requires_python = "!=3.0.*,!=3.1.*,!=3.2.*,>=2.7"
summary = "Python 2 and 3 compatibility utilities"
groups = ["default"]
files = [
    {file = "six-1.17.0-py2.py3-none-any.whl", hash = "sha256:4721f391ed90541fddacab5acf947aa0d3dc7d27b2e1e8eda2be8970586c3274"},
    {file = "six-1.17.0.tar.gz", hash = "sha256:ff70335d468e7eb6ec65b95b99d3a2836546063f63acc5171de367e834932a81"},
]

[[package]]
name = "termcolor"
version = "3.3.0"
requires_python = ">=3.10"
summary = "ANSI color formatting for output in terminal"
groups = ["default"]
files = [
    {file = "termcolor-3.3.0-py3-none-any.whl", hash = "sha256:cf642efadaf0a8ebbbf4bc7a31cec2f9b5f21a9f726f4ccbb08192c9c26f43a5"},
    {file = "termcolor-3.3.0.tar.gz", hash = "sha256:348871ca648ec6a9a983a13ab626c0acce02f515b9e1983332b17af7979521c5"},
]

[[package]]
name = "types-pyyaml"
version = "6.0.12.20260724"
requires_python = ">=3.10"
summary = "Typing stubs for PyYAML"
groups = ["default"]
files = [
    {file = "types_pyyaml-6.0.12.20260724-py3-none-any.whl", hash = "sha256:d57db930a4b2efbc57cf430ec8882765d246929432fa253092f383902329a453"},
    {file = "types_pyyaml-6.0.12.20260724.tar.gz", hash = "sha256:3c1ce1bb73cd5ec02e90390c2b1f00e810d241d8825fd73ff359696839271b6b"},
]

[[package]]
name = "typing-extensions"
version = "4.16.0"
requires_python = ">=3.9"
summary = "Backported and Experimental Type Hints for Python 3.9+"
groups = ["default"]
files = [
    {file = "typing_extensions-4.16.0-py3-none-any.whl", hash = "sha256:481caa481374e813c1b176ada14e97f1f67a4539ce9cfeb3f350d78d6370c2e8"},
    {file = "typing_extensions-4.16.0.tar.gz", hash = "sha256:dc983d19a509c94dba722ee6abd33940f7c05a89e243c47e907eb4db6f1a43e5"},
]

[[package]]
name = "urllib3"
version = "2.7.0"
requires_python = ">=3.10"
summary = "HTTP library with thread-safe connection pooling, file post, and more."
groups = ["default"]
files = [
    {file = "urllib3-2.7.0-py3-none-any.whl", hash = "sha256:9fb4c81ebbb1ce9531cce37674bbc6f1360472bc18ca9a553ede278ef7276897"},
    {file = "urllib3-2.7.0.tar.gz", hash = "sha256:231e0ec3b63ceb14667c67be60f2f2c40a518cb38b03af60abc813da26505f4c"},
]

[[package]]
name = "wrapt"
version = "2.3.0"
requires_python = ">=3.9"
summary = "Module for decorators, wrappers and monkey patching."
groups = ["default"]
files = [
    {file = "wrapt-2.3.0-cp310-cp310-macosx_10_9_x86_64.whl", hash = "sha256:0bb2797048db0956348cb3058c33bc4184614f13231389cfbccc16a5d32780a7"},
    {file = "wrapt-2.3.0-cp310-cp310-macosx_11_0_arm64.whl", hash = "sha256:ce9f398f868d2b3b27aa2ea4de79645ef9077aeeac8dfc2814b0d542c6a2b87f"},
    {file = "wrapt-2.3.0-cp310-cp310-manylinux1_x86_64.manylinux_2_28_x86_64.manylinux_2_5_x86_64.whl", hash = "sha256:ad71df7a04dd3497e9302e81f4a7c91bd401ea0e15a9df9029527900f94bee43"},
    {file = "wrapt-2.3.0-cp310-cp310-manylinux2014_aarch64.manylinux_2_17_aarch64.manylinux_2_28_aarch64.whl", hash = "sha256:fc82c2ccc8e234c844f5303d9f2984b346dcdd53e94823ce8420d2c75b4b9023"},
    {file = "wrapt-2.3.0-cp310-cp310-manylinux_2_31_riscv64.manylinux_2_39_riscv64.whl", hash = "sha256:a6e19531ae33c508cea7d84a7edfda01fa86e51b8d1a93a77712c55e6e469152"},
    {file = "wrapt-2.3.0-cp310-cp310-musllinux_1_2_aarch64.whl", hash = "sha256:df4ce31150bcd5d9f36f816aac3010ab4f4bf8672ac1d3b0ac7d539ec61c7c02"},
    {file = "wrapt-2.3.0-cp310-cp310-musllinux_1_2_riscv64.whl", hash = "sha256:e2e692bc0d63f881cf7006730a56bd4e0c2fab5dc318466942805d692b166276"},
    {file = "wrapt-2.3.0-cp310-cp310-musllinux_1_2_x86_64.whl", hash = "sha256:c8388ba7faf5dbf9ee106bb70d66f257629b1bd98091123e19e8a4553a319199"},
    {file = "wrapt-2.3.0-cp310-cp310-win32.whl", hash = "sha256:e045ff75d7d94900fc32896ed93c45ce2d2cac28c9dead582ff9a5a49d446e35"},
    {file = "wrapt-2.3.0-cp310-cp310-win_amd64.whl", hash = "sha256:b4fc96b159af0a3e0faa72475a69d66292bea72a5bed1e1aca1bffbddc3cb2b0"},
    {file = "wrapt-2.3.0-cp310-cp310-win_arm64.whl", hash = "sha256:1236fa25173ca964c97422470482e9011b9e3c7ed0d75798b40b3da3b0e0e760"},
    {file = "wrapt-2.3.0-py3-none-any.whl", hash = "sha256:d8c7ed08477429752b8c44991f40ad7838b18332a160698740a6bfbc10d998a2"},
    {file = "wrapt-2.3.0.tar.gz", hash = "sha256:681a2d0eefd721998f90642762b8e75c2159ec531b20ad5e437245ea7b06a107"},
]
